// !$*UTF8*$!
{
	archiveVersion = 1;
	classes = {
	};
	objectVersion = 50;
	objects = {

/* Begin PBXBuildFile section */
		04C6802A2670A86700688D65 /* AppDelegate.swift in Sources */ = {isa = PBXBuildFile; fileRef = 04C680292670A86700688D65 /* AppDelegate.swift */; };
		04C6802C2670A86700688D65 /* SceneDelegate.swift in Sources */ = {isa = PBXBuildFile; fileRef = 04C6802B2670A86700688D65 /* SceneDelegate.swift */; };
		04C6802E2670A86700688D65 /* ViewController.swift in Sources */ = {isa = PBXBuildFile; fileRef = 04C6802D2670A86700688D65 /* ViewController.swift */; };
		04C680332670A86E00688D65 /* Assets.xcassets in Resources */ = {isa = PBXBuildFile; fileRef = 04C680322670A86E00688D65 /* Assets.xcassets */; };
		04C680362670A86E00688D65 /* LaunchScreen.storyboard in Resources */ = {isa = PBXBuildFile; fileRef = 04C680342670A86E00688D65 /* LaunchScreen.storyboard */; };
		04ECAE0326736F010052CC6C /* unnamed.png in Resources */ = {isa = PBXBuildFile; fileRef = 04ECAE0226736F010052CC6C /* unnamed.png */; };
		04ECAE0726736FEC0052CC6C /* Main.storyboard in Resources */ = {isa = PBXBuildFile; fileRef = 04ECAE0626736FEC0052CC6C /* Main.storyboard */; };
		04ECAE11267375FA0052CC6C /* ViewController2.swift in Sources */ = {isa = PBXBuildFile; fileRef = 04ECAE10267375FA0052CC6C /* ViewController2.swift */; };
		04ECAE1326737EBE0052CC6C /* Question.swift in Sources */ = {isa = PBXBuildFile; fileRef = 04ECAE1226737EBE0052CC6C /* Question.swift */; };
		04ECAE182673A3910052CC6C /* QuizzBrain.swift in Sources */ = {isa = PBXBuildFile; fileRef = 04ECAE172673A3910052CC6C /* QuizzBrain.swift */; };
/* End PBXBuildFile section */

/* Begin PBXFileReference section */
		04C680262670A86700688D65 /* Quizz.app */ = {isa = PBXFileReference; explicitFileType = wrapper.application; includeInIndex = 0; path = Quizz.app; sourceTree = BUILT_PRODUCTS_DIR; };
		04C680292670A86700688D65 /* AppDelegate.swift */ = {isa = PBXFileReference; lastKnownFileType = sourcecode.swift; path = AppDelegate.swift; sourceTree = "<group>"; };
		04C6802B2670A86700688D65 /* SceneDelegate.swift */ = {isa = PBXFileReference; lastKnownFileType = sourcecode.swift; path = SceneDelegate.swift; sourceTree = "<group>"; };
		04C6802D2670A86700688D65 /* ViewController.swift */ = {isa = PBXFileReference; lastKnownFileType = sourcecode.swift; path = ViewController.swift; sourceTree = "<group>"; };
		04C680322670A86E00688D65 /* Assets.xcassets */ = {isa = PBXFileReference; lastKnownFileType = folder.assetcatalog; path = Assets.xcassets; sourceTree = "<group>"; };
		04C680352670A86E00688D65 /* Base */ = {isa = PBXFileReference; lastKnownFileType = file.storyboard; name = Base; path = Base.lproj/LaunchScreen.storyboard; sourceTree = "<group>"; };
		04C680372670A86E00688D65 /* Info.plist */ = {isa = PBXFileReference; lastKnownFileType = text.plist.xml; path = Info.plist; sourceTree = "<group>"; };
		04ECAE0226736F010052CC6C /* unnamed.png */ = {isa = PBXFileReference; lastKnownFileType = image.png; path = unnamed.png; sourceTree = "<group>"; };
		04ECAE0626736FEC0052CC6C /* Main.storyboard */ = {isa = PBXFileReference; fileEncoding = 4; lastKnownFileType = file.storyboard; path = Main.storyboard; sourceTree = "<group>"; };
		04ECAE10267375FA0052CC6C /* ViewController2.swift */ = {isa = PBXFileReference; lastKnownFileType = sourcecode.swift; path = ViewController2.swift; sourceTree = "<group>"; };
		04ECAE1226737EBE0052CC6C /* Question.swift */ = {isa = PBXFileReference; lastKnownFileType = sourcecode.swift; path = Question.swift; sourceTree = "<group>"; };
		04ECAE172673A3910052CC6C /* QuizzBrain.swift */ = {isa = PBXFileReference; lastKnownFileType = sourcecode.swift; path = QuizzBrain.swift; sourceTree = "<group>"; };
/* End PBXFileReference section */

/* Begin PBXFrameworksBuildPhase section */
		04C680232670A86700688D65 /* Frameworks */ = {
			isa = PBXFrameworksBuildPhase;
			buildActionMask = 2147483647;
			files = (
			);
			runOnlyForDeploymentPostprocessing = 0;
		};
/* End PBXFrameworksBuildPhase section */

/* Begin PBXGroup section */
		04C6801D2670A86600688D65 = {
			isa = PBXGroup;
			children = (
				04C680282670A86700688D65 /* Quizz */,
				04C680272670A86700688D65 /* Products */,
			);
			sourceTree = "<group>";
		};
		04C680272670A86700688D65 /* Products */ = {
			isa = PBXGroup;
			children = (
				04C680262670A86700688D65 /* Quizz.app */,
			);
			name = Products;
			sourceTree = "<group>";
		};
		04C680282670A86700688D65 /* Quizz */ = {
			isa = PBXGroup;
			children = (
				04C680292670A86700688D65 /* AppDelegate.swift */,
				04C6802B2670A86700688D65 /* SceneDelegate.swift */,
				04C680322670A86E00688D65 /* Assets.xcassets */,
				04ECAE0226736F010052CC6C /* unnamed.png */,
				04ECAE14267398200052CC6C /* Model */,
				04ECAE15267398660052CC6C /* View */,
				04ECAE16267398A60052CC6C /* Controller */,
				04C680372670A86E00688D65 /* Info.plist */,
				04C680342670A86E00688D65 /* LaunchScreen.storyboard */,
			);
			path = Quizz;
			sourceTree = "<group>";
		};
		04ECAE14267398200052CC6C /* Model */ = {
			isa = PBXGroup;
			children = (
				04ECAE1226737EBE0052CC6C /* Question.swift */,
				04ECAE172673A3910052CC6C /* QuizzBrain.swift */,
			);
			path = Model;
			sourceTree = "<group>";
		};
		04ECAE15267398660052CC6C /* View */ = {
			isa = PBXGroup;
			children = (
				04ECAE0626736FEC0052CC6C /* Main.storyboard */,
			);
			path = View;
			sourceTree = "<group>";
		};
		04ECAE16267398A60052CC6C /* Controller */ = {
			isa = PBXGroup;
			children = (
				04ECAE10267375FA0052CC6C /* ViewController2.swift */,
				04C6802D2670A86700688D65 /* ViewController.swift */,
			);
			path = Controller;
			sourceTree = "<group>";
		};
/* End PBXGroup section */

/* Begin PBXNativeTarget section */
		04C680252670A86700688D65 /* Quizz */ = {
			isa = PBXNativeTarget;
			buildConfigurationList = 04C6803A2670A86E00688D65 /* Build configuration list for PBXNativeTarget "Quizz" */;
			buildPhases = (
				04C680222670A86700688D65 /* Sources */,
				04C680232670A86700688D65 /* Frameworks */,
				04C680242670A86700688D65 /* Resources */,
			);
			buildRules = (
			);
			dependencies = (
			);
			name = Quizz;
			productName = Quizz;
			productReference = 04C680262670A86700688D65 /* Quizz.app */;
			productType = "com.apple.product-type.application";
		};
/* End PBXNativeTarget section */

/* Begin PBXProject section */
		04C6801E2670A86600688D65 /* Project object */ = {
			isa = PBXProject;
			attributes = {
				LastSwiftUpdateCheck = 1250;
				LastUpgradeCheck = 1250;
				TargetAttributes = {
					04C680252670A86700688D65 = {
						CreatedOnToolsVersion = 12.5;
					};
				};
			};
			buildConfigurationList = 04C680212670A86600688D65 /* Build configuration list for PBXProject "Quizz" */;
			compatibilityVersion = "Xcode 9.3";
			developmentRegion = en;
			hasScannedForEncodings = 0;
			knownRegions = (
				en,
				Base,
			);
			mainGroup = 04C6801D2670A86600688D65;
			productRefGroup = 04C680272670A86700688D65 /* Products */;
			projectDirPath = "";
			projectRoot = "";
			targets = (
				04C680252670A86700688D65 /* Quizz */,
			);
		};
/* End PBXProject section */

/* Begin PBXResourcesBuildPhase section */
		04C680242670A86700688D65 /* Resources */ = {
			isa = PBXResourcesBuildPhase;
			buildActionMask = 2147483647;
			files = (
				04C680362670A86E00688D65 /* LaunchScreen.storyboard in Resources */,
				04ECAE0726736FEC0052CC6C /* Main.storyboard in Resources */,
				04C680332670A86E00688D65 /* Assets.xcassets in Resources */,
				04ECAE0326736F010052CC6C /* unnamed.png in Resources */,
			);
			runOnlyForDeploymentPostprocessing = 0;
		};
/* End PBXResourcesBuildPhase section */

/* Begin PBXSourcesBuildPhase section */
		04C680222670A86700688D65 /* Sources */ = {
			isa = PBXSourcesBuildPhase;
			buildActionMask = 2147483647;
			files = (
				04ECAE1326737EBE0052CC6C /* Question.swift in Sources */,
				04C6802E2670A86700688D65 /* ViewController.swift in Sources */,
				04ECAE182673A3910052CC6C /* QuizzBrain.swift in Sources */,
				04ECAE11267375FA0052CC6C /* ViewController2.swift in Sources */,
				04C6802A2670A86700688D65 /* AppDelegate.swift in Sources */,
				04C6802C2670A86700688D65 /* SceneDelegate.swift in Sources */,
			);
			runOnlyForDeploymentPostprocessing = 0;
		};
/* End PBXSourcesBuildPhase section */

/* Begin PBXVariantGroup section */
		04C680342670A86E00688D65 /* LaunchScreen.storyboard */ = {
			isa = PBXVariantGroup;
			children = (
				04C680352670A86E00688D65 /* Base */,
			);
			name = LaunchScreen.storyboard;
			sourceTree = "<group>";
		};
/* End PBXVariantGroup section */

/* Begin XCBuildConfiguration section */
		04C680382670A86E00688D65 /* Debug */ = {
			isa = XCBuildConfiguration;
			buildSettings = {
				ALWAYS_SEARCH_USER_PATHS = NO;
				CLANG_ANALYZER_NONNULL = YES;
				CLANG_ANALYZER_NUMBER_OBJECT_CONVERSION = YES_AGGRESSIVE;
				CLANG_CXX_LANGUAGE_STANDARD = "gnu++14";
				CLANG_CXX_LIBRARY = "libc++";
				CLANG_ENABLE_MODULES = YES;
				CLANG_ENABLE_OBJC_ARC = YES;
				CLANG_ENABLE_OBJC_WEAK = YES;
				CLANG_WARN_BLOCK_CAPTURE_AUTORELEASING = YES;
				CLANG_WARN_BOOL_CONVERSION = YES;
				CLANG_WARN_COMMA = YES;
				CLANG_WARN_CONSTANT_CONVERSION = YES;
				CLANG_WARN_DEPRECATED_OBJC_IMPLEMENTATIONS = YES;
				CLANG_WARN_DIRECT_OBJC_ISA_USAGE = YES_ERROR;
				CLANG_WARN_DOCUMENTATION_COMMENTS = YES;
				CLANG_WARN_EMPTY_BODY = YES;
				CLANG_WARN_ENUM_CONVERSION = YES;
				CLANG_WARN_INFINITE_RECURSION = YES;
				CLANG_WARN_INT_CONVERSION = YES;
				CLANG_WARN_NON_LITERAL_NULL_CONVERSION = YES;
				CLANG_WARN_OBJC_IMPLICIT_RETAIN_SELF = YES;
				CLANG_WARN_OBJC_LITERAL_CONVERSION = YES;
				CLANG_WARN_OBJC_ROOT_CLASS = YES_ERROR;
				CLANG_WARN_QUOTED_INCLUDE_IN_FRAMEWORK_HEADER = YES;
				CLANG_WARN_RANGE_LOOP_ANALYSIS = YES;
				CLANG_WARN_STRICT_PROTOTYPES = YES;
				CLANG_WARN_SUSPICIOUS_MOVE = YES;
				CLANG_WARN_UNGUARDED_AVAILABILITY = YES_AGGRESSIVE;
				CLANG_WARN_UNREACHABLE_CODE = YES;
				CLANG_WARN__DUPLICATE_METHOD_MATCH = YES;
				COPY_PHASE_STRIP = NO;
				DEBUG_INFORMATION_FORMAT = dwarf;
				ENABLE_STRICT_OBJC_MSGSEND = YES;
				ENABLE_TESTABILITY = YES;
				GCC_C_LANGUAGE_STANDARD = gnu11;
				GCC_DYNAMIC_NO_PIC = NO;
				GCC_NO_COMMON_BLOCKS = YES;
				GCC_OPTIMIZATION_LEVEL = 0;
				GCC_PREPROCESSOR_DEFINITIONS = (
					"DEBUG=1",
					"$(inherited)",
				);
				GCC_WARN_64_TO_32_BIT_CONVERSION = YES;
				GCC_WARN_ABOUT_RETURN_TYPE = YES_ERROR;
				GCC_WARN_UNDECLARED_SELECTOR = YES;
				GCC_WARN_UNINITIALIZED_AUTOS = YES_AGGRESSIVE;
				GCC_WARN_UNUSED_FUNCTION = YES;
				GCC_WARN_UNUSED_VARIABLE = YES;
				IPHONEOS_DEPLOYMENT_TARGET = 14.5;
				MTL_ENABLE_DEBUG_INFO = INCLUDE_SOURCE;
				MTL_FAST_MATH = YES;
				ONLY_ACTIVE_ARCH = YES;
				SDKROOT = iphoneos;
				SWIFT_ACTIVE_COMPILATION_CONDITIONS = DEBUG;
				SWIFT_OPTIMIZATION_LEVEL = "-Onone";
			};
			name = Debug;
		};
		04C680392670A86E00688D65 /* Release */ = {
			isa = XCBuildConfiguration;
			buildSettings = {
				ALWAYS_SEARCH_USER_PATHS = NO;
				CLANG_ANALYZER_NONNULL = YES;
				CLANG_ANALYZER_NUMBER_OBJECT_CONVERSION = YES_AGGRESSIVE;
				CLANG_CXX_LANGUAGE_STANDARD = "gnu++14";
				CLANG_CXX_LIBRARY = "libc++";
				CLANG_ENABLE_MODULES = YES;
				CLANG_ENABLE_OBJC_ARC = YES;
				CLANG_ENABLE_OBJC_WEAK = YES;
				CLANG_WARN_BLOCK_CAPTURE_AUTORELEASING = YES;
				CLANG_WARN_BOOL_CONVERSION = YES;
				CLANG_WARN_COMMA = YES;
				CLANG_WARN_CONSTANT_CONVERSION = YES;
				CLANG_WARN_DEPRECATED_OBJC_IMPLEMENTATIONS = YES;
				CLANG_WARN_DIRECT_OBJC_ISA_USAGE = YES_ERROR;
				CLANG_WARN_DOCUMENTATION_COMMENTS = YES;
				CLANG_WARN_EMPTY_BODY = YES;
				CLANG_WARN_ENUM_CONVERSION = YES;
				CLANG_WARN_INFINITE_RECURSION = YES;
				CLANG_WARN_INT_CONVERSION = YES;
				CLANG_WARN_NON_LITERAL_NULL_CONVERSION = YES;
				CLANG_WARN_OBJC_IMPLICIT_RETAIN_SELF = YES;
				CLANG_WARN_OBJC_LITERAL_CONVERSION = YES;
				CLANG_WARN_OBJC_ROOT_CLASS = YES_ERROR;
				CLANG_WARN_QUOTED_INCLUDE_IN_FRAMEWORK_HEADER = YES;
				CLANG_WARN_RANGE_LOOP_ANALYSIS = YES;
				CLANG_WARN_STRICT_PROTOTYPES = YES;
				CLANG_WARN_SUSPICIOUS_MOVE = YES;
				CLANG_WARN_UNGUARDED_AVAILABILITY = YES_AGGRESSIVE;
				CLANG_WARN_UNREACHABLE_CODE = YES;
				CLANG_WARN__DUPLICATE_METHOD_MATCH = YES;
				COPY_PHASE_STRIP = NO;
				DEBUG_INFORMATION_FORMAT = "dwarf-with-dsym";
				ENABLE_NS_ASSERTIONS = NO;
				ENABLE_STRICT_OBJC_MSGSEND = YES;
				GCC_C_LANGUAGE_STANDARD = gnu11;
				GCC_NO_COMMON_BLOCKS = YES;
				GCC_WARN_64_TO_32_BIT_CONVERSION = YES;
				GCC_WARN_ABOUT_RETURN_TYPE = YES_ERROR;
				GCC_WARN_UNDECLARED_SELECTOR = YES;
				GCC_WARN_UNINITIALIZED_AUTOS = YES_AGGRESSIVE;
				GCC_WARN_UNUSED_FUNCTION = YES;
				GCC_WARN_UNUSED_VARIABLE = YES;
				IPHONEOS_DEPLOYMENT_TARGET = 14.5;
				MTL_ENABLE_DEBUG_INFO = NO;
				MTL_FAST_MATH = YES;
				SDKROOT = iphoneos;
				SWIFT_COMPILATION_MODE = wholemodule;
				SWIFT_OPTIMIZATION_LEVEL = "-O";
				VALIDATE_PRODUCT = YES;
			};
			name = Release;
		};
		04C6803B2670A86E00688D65 /* Debug */ = {
			isa = XCBuildConfiguration;
			buildSettings = {
				ASSETCATALOG_COMPILER_APPICON_NAME = AppIcon;
				ASSETCATALOG_COMPILER_GLOBAL_ACCENT_COLOR_NAME = AccentColor;
				CODE_SIGN_STYLE = Automatic;
				INFOPLIST_FILE = Quizz/Info.plist;
				IPHONEOS_DEPLOYMENT_TARGET = 14.5;
				LD_RUNPATH_SEARCH_PATHS = (
					"$(inherited)",
					"@executable_path/Frameworks",
				);
				PRODUCT_BUNDLE_IDENTIFIER = com.Quizz;
				PRODUCT_NAME = "$(TARGET_NAME)";
				SWIFT_VERSION = 5.0;
				TARGETED_DEVICE_FAMILY = "1,2";
			};
			name = Debug;
		};
		04C6803C2670A86E00688D65 /* Release */ = {
			isa = XCBuildConfiguration;
			buildSettings = {
				ASSETCATALOG_COMPILER_APPICON_NAME = AppIcon;
				ASSETCATALOG_COMPILER_GLOBAL_ACCENT_COLOR_NAME = AccentColor;
				CODE_SIGN_STYLE = Automatic;
				INFOPLIST_FILE = Quizz/Info.plist;
				IPHONEOS_DEPLOYMENT_TARGET = 14.5;
				LD_RUNPATH_SEARCH_PATHS = (
					"$(inherited)",
					"@executable_path/Frameworks",
				);
				PRODUCT_BUNDLE_IDENTIFIER = com.Quizz;
				PRODUCT_NAME = "$(TARGET_NAME)";
				SWIFT_VERSION = 5.0;
				TARGETED_DEVICE_FAMILY = "1,2";
			};
			name = Release;
		};
/* End XCBuildConfiguration section */

/* Begin XCConfigurationList section */
		04C680212670A86600688D65 /* Build configuration list for PBXProject "Quizz" */ = {
			isa = XCConfigurationList;
			buildConfigurations = (
				04C680382670A86E00688D65 /* Debug */,
				04C680392670A86E00688D65 /* Release */,
			);
			defaultConfigurationIsVisible = 0;
			defaultConfigurationName = Release;
		};
		04C6803A2670A86E00688D65 /* Build configuration list for PBXNativeTarget "Quizz" */ = {
			isa = XCConfigurationList;
			buildConfigurations = (
				04C6803B2670A86E00688D65 /* Debug */,
				04C6803C2670A86E00688D65 /* Release */,
			);
			defaultConfigurationIsVisible = 0;
			defaultConfigurationName = Release;
		};
/* End XCConfigurationList section */
	};
	rootObject = 04C6801E2670A86600688D65 /* Project object */;
}
